
Microsoft Visual Studio Solution File, Format Version 12.00
# Visual Studio Version 16
VisualStudioVersion = 16.0.29123.88
MinimumVisualStudioVersion = 10.0.40219.1
Project("{FAE04EC0-301F-11D3-BF4B-00C04F79EFBC}") = "khgWPFLearn1", "khgWPFLearn1\khgWPFLearn1.csproj", "{6376B08C-D0FC-4DAD-805D-5FBFA411FA49}"
EndProject
Project("{FAE04EC0-301F-11D3-BF4B-00C04F79EFBC}") = "khgWPFLearn_CustomUI", "khgWPFLearn_CustomUI\khgWPFLearn_CustomUI.csproj", "{39D17387-3425-4755-9350-074FBAED7C10}"
EndProject
Project("{FAE04EC0-301F-11D3-BF4B-00C04F79EFBC}") = "khgWPFLearn_Module1", "khgWPFLearn_Module1\khgWPFLearn_Module1.csproj", "{B7E750D3-47E0-4246-94A3-D63C63CBD214}"
EndProject
Project("{FAE04EC0-301F-11D3-BF4B-00C04F79EFBC}") = "HamburgerMenu", "HamburgerMenu\HamburgerMenu.csproj", "{CF1B7D25-4744-4B04-B725-7F2D8223806B}"
EndProject
Project("{FAE04EC0-301F-11D3-BF4B-00C04F79EFBC}") = "khgWPFLearn_Module2", "khgWPFLearn_Module2\khgWPFLearn_Module2.csproj", "{783BB2ED-3979-4D37-8719-4E1E326C7FA8}"
EndProject
Project("{9A19103F-16F7-4668-BE54-9A1E7A4F7556}") = "khgLearnModel", "khgLearnModel\khgLearnModel.csproj", "{3CC6AD4E-C744-42ED-9CA4-03F9944F8729}"
EndProject
Project("{FAE04EC0-301F-11D3-BF4B-00C04F79EFBC}") = "KhgDialogModule1", "KhgDialogModule1\KhgDialogModule1.csproj", "{172DAE74-D932-4BCA-8BEE-F8AB165F758F}"
EndProject
Project("{FAE04EC0-301F-11D3-BF4B-00C04F79EFBC}") = "khgLearnCommon", "khgLearnCommon\khgLearnCommon.csproj", "{8834BB1E-1469-4D30-BACB-AD4E857F8C0E}"
EndProject
Global
	GlobalSection(SolutionConfigurationPlatforms) = preSolution
		Debug|Any CPU = Debug|Any CPU
		Release|Any CPU = Release|Any CPU
	EndGlobalSection
	GlobalSection(ProjectConfigurationPlatforms) = postSolution
		{6376B08C-D0FC-4DAD-805D-5FBFA411FA49}.Debug|Any CPU.ActiveCfg = Debug|Any CPU
		{6376B08C-D0FC-4DAD-805D-5FBFA411FA49}.Debug|Any CPU.Build.0 = Debug|Any CPU
		{6376B08C-D0FC-4DAD-805D-5FBFA411FA49}.Release|Any CPU.ActiveCfg = Release|Any CPU
		{6376B08C-D0FC-4DAD-805D-5FBFA411FA49}.Release|Any CPU.Build.0 = Release|Any CPU
		{39D17387-3425-4755-9350-074FBAED7C10}.Debug|Any CPU.ActiveCfg = Debug|Any CPU
		{39D17387-3425-4755-9350-074FBAED7C10}.Debug|Any CPU.Build.0 = Debug|Any CPU
		{39D17387-3425-4755-9350-074FBAED7C10}.Release|Any CPU.ActiveCfg = Release|Any CPU
		{39D17387-3425-4755-9350-074FBAED7C10}.Release|Any CPU.Build.0 = Release|Any CPU
		{B7E750D3-47E0-4246-94A3-D63C63CBD214}.Debug|Any CPU.ActiveCfg = Debug|Any CPU
		{B7E750D3-47E0-4246-94A3-D63C63CBD214}.Debug|Any CPU.Build.0 = Debug|Any CPU
		{B7E750D3-47E0-4246-94A3-D63C63CBD214}.Release|Any CPU.ActiveCfg = Release|Any CPU
		{B7E750D3-47E0-4246-94A3-D63C63CBD214}.Release|Any CPU.Build.0 = Release|Any CPU
		{CF1B7D25-4744-4B04-B725-7F2D8223806B}.Debug|Any CPU.ActiveCfg = Debug|Any CPU
		{CF1B7D25-4744-4B04-B725-7F2D8223806B}.Debug|Any CPU.Build.0 = Debug|Any CPU
		{CF1B7D25-4744-4B04-B725-7F2D8223806B}.Release|Any CPU.ActiveCfg = Release|Any CPU
		{CF1B7D25-4744-4B04-B725-7F2D8223806B}.Release|Any CPU.Build.0 = Release|Any CPU
		{783BB2ED-3979-4D37-8719-4E1E326C7FA8}.Debug|Any CPU.ActiveCfg = Debug|Any CPU
		{783BB2ED-3979-4D37-8719-4E1E326C7FA8}.Debug|Any CPU.Build.0 = Debug|Any CPU
		{783BB2ED-3979-4D37-8719-4E1E326C7FA8}.Release|Any CPU.ActiveCfg = Release|Any CPU
		{783BB2ED-3979-4D37-8719-4E1E326C7FA8}.Release|Any CPU.Build.0 = Release|Any CPU
		{3CC6AD4E-C744-42ED-9CA4-03F9944F8729}.Debug|Any CPU.ActiveCfg = Debug|Any CPU
		{3CC6AD4E-C744-42ED-9CA4-03F9944F8729}.Debug|Any CPU.Build.0 = Debug|Any CPU
		{3CC6AD4E-C744-42ED-9CA4-03F9944F8729}.Release|Any CPU.ActiveCfg = Release|Any CPU
		{3CC6AD4E-C744-42ED-9CA4-03F9944F8729}.Release|Any CPU.Build.0 = Release|Any CPU
		{172DAE74-D932-4BCA-8BEE-F8AB165F758F}.Debug|Any CPU.ActiveCfg = Debug|Any CPU
		{172DAE74-D932-4BCA-8BEE-F8AB165F758F}.Debug|Any CPU.Build.0 = Debug|Any CPU
		{172DAE74-D932-4BCA-8BEE-F8AB165F758F}.Release|Any CPU.ActiveCfg = Release|Any CPU
		{172DAE74-D932-4BCA-8BEE-F8AB165F758F}.Release|Any CPU.Build.0 = Release|Any CPU
		{8834BB1E-1469-4D30-BACB-AD4E857F8C0E}.Debug|Any CPU.ActiveCfg = Debug|Any CPU
		{8834BB1E-1469-4D30-BACB-AD4E857F8C0E}.Debug|Any CPU.Build.0 = Debug|Any CPU
		{8834BB1E-1469-4D30-BACB-AD4E857F8C0E}.Release|Any CPU.ActiveCfg = Release|Any CPU
		{8834BB1E-1469-4D30-BACB-AD4E857F8C0E}.Release|Any CPU.Build.0 = Release|Any CPU
	EndGlobalSection
	GlobalSection(SolutionProperties) = preSolution
		HideSolutionNode = FALSE
	EndGlobalSection
	GlobalSection(ExtensibilityGlobals) = postSolution
		SolutionGuid = {B32DDD28-B4EB-4EB8-9EEC-FCE284525653}
	EndGlobalSection
EndGlobal
